
Microsoft Visual Studio Solution File, Format Version 12.00
# Visual Studio Version 16
VisualStudioVersion = 16.0.30114.105
MinimumVisualStudioVersion = 10.0.40219.1
Project("{2150E333-8FDC-42A3-9474-1A3956D46DE8}") = "HunterPie", "HunterPie", "{89620BAA-3D4B-4438-AF0C-EA6609ECBCE4}"
EndProject
Project("{FAE04EC0-301F-11D3-BF4B-00C04F79EFBC}") = "HunterPie.Core", "lib\hunterpie\HunterPie.Core\HunterPie.Core.csproj", "{4EE17923-DE50-4931-8389-1AE64DEF5DF8}"
EndProject
Project("{FAE04EC0-301F-11D3-BF4B-00C04F79EFBC}") = "HunterPie.UI", "lib\hunterpie\HunterPie.UI\HunterPie.UI.csproj", "{F442A841-89FF-4C4D-B052-6C39063019C8}"
EndProject
Project("{FAE04EC0-301F-11D3-BF4B-00C04F79EFBC}") = "HunterPie.Memory", "lib\hunterpie\HunterPie.Memory\HunterPie.Memory.csproj", "{4E52CC6E-141C-4412-A3C4-E4907AF243E1}"
EndProject
Global
	GlobalSection(SolutionConfigurationPlatforms) = preSolution
		Debug|Any CPU = Debug|Any CPU
		Release|Any CPU = Release|Any CPU
	EndGlobalSection
	GlobalSection(SolutionProperties) = preSolution
		HideSolutionNode = FALSE
	EndGlobalSection
	GlobalSection(ProjectConfigurationPlatforms) = postSolution
		{4EE17923-DE50-4931-8389-1AE64DEF5DF8}.Debug|Any CPU.ActiveCfg = Debug|Any CPU
		{4EE17923-DE50-4931-8389-1AE64DEF5DF8}.Debug|Any CPU.Build.0 = Debug|Any CPU
		{4EE17923-DE50-4931-8389-1AE64DEF5DF8}.Release|Any CPU.ActiveCfg = Release|Any CPU
		{4EE17923-DE50-4931-8389-1AE64DEF5DF8}.Release|Any CPU.Build.0 = Release|Any CPU
		{F442A841-89FF-4C4D-B052-6C39063019C8}.Debug|Any CPU.ActiveCfg = Debug|Any CPU
		{F442A841-89FF-4C4D-B052-6C39063019C8}.Debug|Any CPU.Build.0 = Debug|Any CPU
		{F442A841-89FF-4C4D-B052-6C39063019C8}.Release|Any CPU.ActiveCfg = Release|Any CPU
		{F442A841-89FF-4C4D-B052-6C39063019C8}.Release|Any CPU.Build.0 = Release|Any CPU
		{4E52CC6E-141C-4412-A3C4-E4907AF243E1}.Debug|Any CPU.ActiveCfg = Debug|Any CPU
		{4E52CC6E-141C-4412-A3C4-E4907AF243E1}.Debug|Any CPU.Build.0 = Debug|Any CPU
		{4E52CC6E-141C-4412-A3C4-E4907AF243E1}.Release|Any CPU.ActiveCfg = Release|Any CPU
		{4E52CC6E-141C-4412-A3C4-E4907AF243E1}.Release|Any CPU.Build.0 = Release|Any CPU
	EndGlobalSection
	GlobalSection(NestedProjects) = preSolution
		{4EE17923-DE50-4931-8389-1AE64DEF5DF8} = {89620BAA-3D4B-4438-AF0C-EA6609ECBCE4}
		{F442A841-89FF-4C4D-B052-6C39063019C8} = {89620BAA-3D4B-4438-AF0C-EA6609ECBCE4}
		{4E52CC6E-141C-4412-A3C4-E4907AF243E1} = {89620BAA-3D4B-4438-AF0C-EA6609ECBCE4}
	EndGlobalSection
EndGlobal
